
Microsoft Visual Studio Solution File, Format Version 12.00
# Visual Studio 15
VisualStudioVersion = 15.0.26228.4
MinimumVisualStudioVersion = 10.0.40219.1
Project("{FAE04EC0-301F-11D3-BF4B-00C04F79EFBC}") = "WCFTest", "WCFTest\WCFTest.csproj", "{B25A3066-F837-4EBD-9587-DAC9CB34C43D}"
EndProject
Project("{FAE04EC0-301F-11D3-BF4B-00C04F79EFBC}") = "Entities", "Entities\Entities.csproj", "{1FCDC5AA-8B80-440C-B4EF-F46331CE0BA5}"
EndProject
Project("{FAE04EC0-301F-11D3-BF4B-00C04F79EFBC}") = "WCFServiceHost", "WCFServiceHost\WCFServiceHost.csproj", "{287F097E-8617-4CD9-AC82-35B41A8EB0A0}"
EndProject
Project("{FAE04EC0-301F-11D3-BF4B-00C04F79EFBC}") = "WinClient", "WinClient\WinClient.csproj", "{1125879F-E049-429A-9A23-C7C7EFAA9992}"
	ProjectSection(ProjectDependencies) = postProject
		{B25A3066-F837-4EBD-9587-DAC9CB34C43D} = {B25A3066-F837-4EBD-9587-DAC9CB34C43D}
	EndProjectSection
EndProject
Global
	GlobalSection(SolutionConfigurationPlatforms) = preSolution
		Debug|Any CPU = Debug|Any CPU
		Release|Any CPU = Release|Any CPU
	EndGlobalSection
	GlobalSection(ProjectConfigurationPlatforms) = postSolution
		{B25A3066-F837-4EBD-9587-DAC9CB34C43D}.Debug|Any CPU.ActiveCfg = Debug|Any CPU
		{B25A3066-F837-4EBD-9587-DAC9CB34C43D}.Debug|Any CPU.Build.0 = Debug|Any CPU
		{B25A3066-F837-4EBD-9587-DAC9CB34C43D}.Release|Any CPU.ActiveCfg = Release|Any CPU
		{B25A3066-F837-4EBD-9587-DAC9CB34C43D}.Release|Any CPU.Build.0 = Release|Any CPU
		{1FCDC5AA-8B80-440C-B4EF-F46331CE0BA5}.Debug|Any CPU.ActiveCfg = Debug|Any CPU
		{1FCDC5AA-8B80-440C-B4EF-F46331CE0BA5}.Debug|Any CPU.Build.0 = Debug|Any CPU
		{1FCDC5AA-8B80-440C-B4EF-F46331CE0BA5}.Release|Any CPU.ActiveCfg = Release|Any CPU
		{1FCDC5AA-8B80-440C-B4EF-F46331CE0BA5}.Release|Any CPU.Build.0 = Release|Any CPU
		{287F097E-8617-4CD9-AC82-35B41A8EB0A0}.Debug|Any CPU.ActiveCfg = Debug|Any CPU
		{287F097E-8617-4CD9-AC82-35B41A8EB0A0}.Debug|Any CPU.Build.0 = Debug|Any CPU
		{287F097E-8617-4CD9-AC82-35B41A8EB0A0}.Release|Any CPU.ActiveCfg = Release|Any CPU
		{287F097E-8617-4CD9-AC82-35B41A8EB0A0}.Release|Any CPU.Build.0 = Release|Any CPU
		{1125879F-E049-429A-9A23-C7C7EFAA9992}.Debug|Any CPU.ActiveCfg = Debug|Any CPU
		{1125879F-E049-429A-9A23-C7C7EFAA9992}.Debug|Any CPU.Build.0 = Debug|Any CPU
		{1125879F-E049-429A-9A23-C7C7EFAA9992}.Release|Any CPU.ActiveCfg = Release|Any CPU
		{1125879F-E049-429A-9A23-C7C7EFAA9992}.Release|Any CPU.Build.0 = Release|Any CPU
	EndGlobalSection
	GlobalSection(SolutionProperties) = preSolution
		HideSolutionNode = FALSE
	EndGlobalSection
EndGlobal
